schema: '2.0'
stages:
  prepare_base_model:
    cmd: python src/bark/pipeline/stage_02_prepare_base_model.py
    deps:
    - path: config/config.yaml
      hash: md5
      md5: ecbb4e375047d4b732ff477a6ce8b83f
      size: 422
    - path: src/bark/pipeline/stage_02_prepare_base_model.py
      hash: md5
      md5: d7822b4b1df5d4af152e64bab33d1d95
      size: 982
    params:
      params.yaml:
        CLASSES: 3
        IMAGE_SIZE:
        - 224
        - 224
        - 3
        INCLUDE_TOP: false
        LEARNING_RATE: 1e-05
        WEIGHTS: imagenet
    outs:
    - path: artifacts/prepare_base_model
      hash: md5
      md5: fe26b8a89d5a9a29eba4183ca873771b.dir
      size: 19062120
      nfiles: 2
  training:
    cmd: python src/bark/pipeline/stage_03_model_training.py
    deps:
    - path: artifacts/data_ingestion/emotion_dataset_train
      hash: md5
      md5: 7ac0900d587b04da41a1851c4ddded8c.dir
      size: 25304378
      nfiles: 16111
    - path: artifacts/prepare_base_model
      hash: md5
      md5: fe26b8a89d5a9a29eba4183ca873771b.dir
      size: 19062120
      nfiles: 2
    - path: config/config.yaml
      hash: md5
      md5: ecbb4e375047d4b732ff477a6ce8b83f
      size: 422
    - path: src/bark/pipeline/stage_03_model_training.py
      hash: md5
      md5: 75369dba310c39504a414afa472435c9
      size: 895
    params:
      params.yaml:
        AUGMENTATION: false
        BATCH_SIZE: 32
        EPOCHS: 1
        IMAGE_SIZE:
        - 224
        - 224
        - 3
        LEARNING_RATE: 1e-05
    outs:
    - path: artifacts/training/model.h5
      hash: md5
      md5: aa0cb1dee03f7482c5db312de88c3f95
      size: 21863152
  evaluation:
    cmd: python src/bark/pipeline/stage_04_modelEvaluation.py
    deps:
    - path: artifacts/data_ingestion/emotion_dataset_test
      hash: md5
      md5: 3e63fb39cf2fc2e3e5d039567d74d189.dir
      size: 6334855
      nfiles: 4029
    - path: artifacts/training/model.h5
      hash: md5
      md5: aa0cb1dee03f7482c5db312de88c3f95
      size: 21863152
    - path: config/config.yaml
      hash: md5
      md5: ecbb4e375047d4b732ff477a6ce8b83f
      size: 422
    - path: src/bark/pipeline/stage_04_modelEvaluation.py
      hash: md5
      md5: a3750dbd115df849ac79f29dcbb49df6
      size: 906
    params:
      params.yaml:
        BATCH_SIZE: 32
        IMAGE_SIZE:
        - 224
        - 224
        - 3
    outs:
    - path: scores.json
      hash: md5
      md5: 2e8e691fc62205f3f2475d6dfac5722b
      size: 72
  data_ingestion:
    cmd: python src/bark/pipeline/stage_01_dataingestion.py
    deps:
    - path: config/config.yaml
      hash: md5
      md5: ecbb4e375047d4b732ff477a6ce8b83f
      size: 422
    - path: src/bark/pipeline/stage_01_dataingestion.py
      hash: md5
      md5: 093dd481e020502a914686f8c42361ba
      size: 845
    outs:
    - path: artifacts/data_ingestion/emotion_dataset_test
      hash: md5
      md5: 3e63fb39cf2fc2e3e5d039567d74d189.dir
      size: 6334855
      nfiles: 4029
    - path: artifacts/data_ingestion/emotion_dataset_train
      hash: md5
      md5: 7ac0900d587b04da41a1851c4ddded8c.dir
      size: 25304378
      nfiles: 16111
  data_drift:
    cmd: python src/bark/pipeline/stage_05_data_drift.py
    deps:
    - path: artifacts/data_ingestion/emotion_dataset_test
      hash: md5
      md5: 3e63fb39cf2fc2e3e5d039567d74d189.dir
      size: 6334855
      nfiles: 4029
    - path: artifacts/data_ingestion/emotion_dataset_train
      hash: md5
      md5: 7ac0900d587b04da41a1851c4ddded8c.dir
      size: 25304378
      nfiles: 16111
    - path: config/config.yaml
      hash: md5
      md5: 6ca15433372ba2b3b15325cab94b724a
      size: 777
    - path: src/bark/pipeline/stage_05_data_drift.py
      hash: md5
      md5: 3ea36821386d48f10848df3a2c306be1
      size: 1034
    outs:
    - path: artifacts/reports/data_drift_report.html
      hash: md5
      md5: 8a3eebc29f453ecbd488d180c682e3b0
      size: 4072806
    - path: artifacts/reports/test.csv
      hash: md5
      md5: 6b84e9c9318cd5e6e65332e2a312553f
      size: 145553
    - path: artifacts/reports/train.csv
      hash: md5
      md5: 5ca574a9ee20fea3028a25e1c657885d
      size: 591884
